
Microsoft Visual Studio Solution File, Format Version 12.00
# Visual Studio 14
VisualStudioVersion = 14.0.25420.1
MinimumVisualStudioVersion = 10.0.40219.1
Project("{FAE04EC0-301F-11D3-BF4B-00C04F79EFBC}") = "TTFAssignment", "TTFAssignment\TTFAssignment.csproj", "{532A455A-51FD-405F-AF2B-AB039BFBFC45}"
EndProject
Project("{FAE04EC0-301F-11D3-BF4B-00C04F79EFBC}") = "TTFAssignment.Tests", "TTFAssignment.Tests\TTFAssignment.Tests.csproj", "{09C1DF65-FCC8-4ED3-937E-14957E8A47EE}"
EndProject
Global
	GlobalSection(SolutionConfigurationPlatforms) = preSolution
		Debug|Any CPU = Debug|Any CPU
		Release|Any CPU = Release|Any CPU
	EndGlobalSection
	GlobalSection(ProjectConfigurationPlatforms) = postSolution
		{532A455A-51FD-405F-AF2B-AB039BFBFC45}.Debug|Any CPU.ActiveCfg = Debug|Any CPU
		{532A455A-51FD-405F-AF2B-AB039BFBFC45}.Debug|Any CPU.Build.0 = Debug|Any CPU
		{532A455A-51FD-405F-AF2B-AB039BFBFC45}.Release|Any CPU.ActiveCfg = Release|Any CPU
		{532A455A-51FD-405F-AF2B-AB039BFBFC45}.Release|Any CPU.Build.0 = Release|Any CPU
		{09C1DF65-FCC8-4ED3-937E-14957E8A47EE}.Debug|Any CPU.ActiveCfg = Debug|Any CPU
		{09C1DF65-FCC8-4ED3-937E-14957E8A47EE}.Debug|Any CPU.Build.0 = Debug|Any CPU
		{09C1DF65-FCC8-4ED3-937E-14957E8A47EE}.Release|Any CPU.ActiveCfg = Release|Any CPU
		{09C1DF65-FCC8-4ED3-937E-14957E8A47EE}.Release|Any CPU.Build.0 = Release|Any CPU
	EndGlobalSection
	GlobalSection(SolutionProperties) = preSolution
		HideSolutionNode = FALSE
	EndGlobalSection
EndGlobal
